
Microsoft Visual Studio Solution File, Format Version 12.00
# Visual Studio 15
VisualStudioVersion = 15.0.27703.2042
MinimumVisualStudioVersion = 10.0.40219.1
Project("{FAE04EC0-301F-11D3-BF4B-00C04F79EFBC}") = "LunarLambda", "Application\LunarLambda.csproj", "{30CC895B-BFC4-4402-8CC0-513EAD76706F}"
EndProject
Project("{FAE04EC0-301F-11D3-BF4B-00C04F79EFBC}") = "LudicrousElectron.Engine", "..\LudicrousElectron\Engine\LudicrousElectron.Engine.csproj", "{547B86A8-43A9-4683-A862-3D8136B3CF3D}"
EndProject
Project("{2150E333-8FDC-42A3-9474-1A3956D46DE8}") = "Engine", "Engine", "{E92B3767-CB45-492C-B7E8-85D335C6F831}"
EndProject
Project("{FAE04EC0-301F-11D3-BF4B-00C04F79EFBC}") = "LudicrousElectron.Types", "..\LudicrousElectron\LudicrousElectron.Types\LudicrousElectron.Types.csproj", "{FB7F6B89-80BB-4F09-8384-39107B57B754}"
EndProject
Project("{FAE04EC0-301F-11D3-BF4B-00C04F79EFBC}") = "Standard", "Campaigns\Standard\Standard.csproj", "{7F1C013D-26D9-4917-8359-3D35085CBB8F}"
EndProject
Project("{2150E333-8FDC-42A3-9474-1A3956D46DE8}") = "Campaigns", "Campaigns", "{941FFE4D-B78C-4667-A833-C1DE39E17CFF}"
EndProject
Project("{FAE04EC0-301F-11D3-BF4B-00C04F79EFBC}") = "FNA", "..\LudicrousElectron\FNA\FNA.csproj", "{35253CE1-C864-4CD3-8249-4D1319748E8F}"
EndProject
Project("{FAE04EC0-301F-11D3-BF4B-00C04F79EFBC}") = "Box2DNet", "..\LudicrousElectron\Box2DNet\Box2DNet\Box2DNet.csproj", "{8DCE88BD-5355-4AED-B7FA-6844EC4FB9B2}"
EndProject
Project("{2150E333-8FDC-42A3-9474-1A3956D46DE8}") = "Scenarios", "Scenarios", "{D1F55F35-394C-4220-91E1-204EECB13D2E}"
EndProject
Project("{FAE04EC0-301F-11D3-BF4B-00C04F79EFBC}") = "BasicScenarios", "Campaigns\Scenarios\BasicScenarios\BasicScenarios.csproj", "{94264F3D-4DC1-4760-B83F-4D9947D79F09}"
EndProject
Project("{FAE04EC0-301F-11D3-BF4B-00C04F79EFBC}") = "LudicrousElectron.GUI", "..\LudicrousElectron\LudicrousElectron.GUI\LudicrousElectron.GUI.csproj", "{317F7C93-22EC-4C95-AEC6-918E2E93A11B}"
EndProject
Project("{2150E333-8FDC-42A3-9474-1A3956D46DE8}") = "Plug-Ins", "Plug-Ins", "{2FC13151-A761-4448-863E-0452C7A40815}"
EndProject
Project("{FAE04EC0-301F-11D3-BF4B-00C04F79EFBC}") = "LudicrousElectron.Entities", "..\LudicrousElectron\LudicrousElectron.Entities\LudicrousElectron.Entities.csproj", "{DDD156CD-AE0D-4581-B895-4FE8FB58A88C}"
EndProject
Project("{FAE04EC0-301F-11D3-BF4B-00C04F79EFBC}") = "Lidgren.Network", "..\LudicrousElectron\Lidgren.Network\Lidgren.Network.csproj", "{49BA1C69-6104-41AC-A5D8-B54FA9F696E8}"
EndProject
Project("{FAE04EC0-301F-11D3-BF4B-00C04F79EFBC}") = "LunarLambda.Data", "LunarLambda.Data\LunarLambda.Data.csproj", "{B26B3C18-676F-4E87-A1F2-2B49DB59BDFD}"
EndProject
Project("{FAE04EC0-301F-11D3-BF4B-00C04F79EFBC}") = "LunarLambda.API", "LunarLambda.API\LunarLambda.API.csproj", "{154F8F3B-7315-43A9-B177-EF1E1D715CA5}"
EndProject
Project("{FAE04EC0-301F-11D3-BF4B-00C04F79EFBC}") = "LunarLambda.Host.Game", "LunarLambda.Host.Game\LunarLambda.Host.Game.csproj", "{ADDD72D6-C8F5-4D04-B102-5B7CD16B0EBA}"
EndProject
Project("{FAE04EC0-301F-11D3-BF4B-00C04F79EFBC}") = "LunarLambda.Client.Ship", "LunarLambda.Client.Ship\LunarLambda.Client.Ship.csproj", "{14E86065-BF4F-49EC-863E-0BF798FA49F3}"
EndProject
Project("{FAE04EC0-301F-11D3-BF4B-00C04F79EFBC}") = "LunarLambda.Messges.Ship", "LunarLambda.Messges.Ship\LunarLambda.Messges.Ship.csproj", "{BCBFB0C8-6853-4FBD-A9FF-3A115F63A24E}"
EndProject
Project("{FAE04EC0-301F-11D3-BF4B-00C04F79EFBC}") = "GameDiscoveryServices", "GameDiscoveryServices\GameDiscoveryServices.csproj", "{79C18A0E-46AB-4296-B968-DC7B67D30B62}"
EndProject
Project("{FAE04EC0-301F-11D3-BF4B-00C04F79EFBC}") = "LudicrousElectron.Input.Controlers", "..\LudicrousElectron\LudicrousElectron.Input.Controlers\LudicrousElectron.Input.Controlers.csproj", "{2B34D0A2-A49F-4EAE-8904-CCA0D8E2C87A}"
EndProject
Global
	GlobalSection(SolutionConfigurationPlatforms) = preSolution
		Debug|Any CPU = Debug|Any CPU
		Debug|x64 = Debug|x64
		Debug|x86 = Debug|x86
		Release|Any CPU = Release|Any CPU
		Release|x64 = Release|x64
		Release|x86 = Release|x86
	EndGlobalSection
	GlobalSection(ProjectConfigurationPlatforms) = postSolution
		{30CC895B-BFC4-4402-8CC0-513EAD76706F}.Debug|Any CPU.ActiveCfg = Debug|Any CPU
		{30CC895B-BFC4-4402-8CC0-513EAD76706F}.Debug|Any CPU.Build.0 = Debug|Any CPU
		{30CC895B-BFC4-4402-8CC0-513EAD76706F}.Debug|x64.ActiveCfg = Debug|Any CPU
		{30CC895B-BFC4-4402-8CC0-513EAD76706F}.Debug|x64.Build.0 = Debug|Any CPU
		{30CC895B-BFC4-4402-8CC0-513EAD76706F}.Debug|x86.ActiveCfg = Debug|Any CPU
		{30CC895B-BFC4-4402-8CC0-513EAD76706F}.Debug|x86.Build.0 = Debug|Any CPU
		{30CC895B-BFC4-4402-8CC0-513EAD76706F}.Release|Any CPU.ActiveCfg = Release|Any CPU
		{30CC895B-BFC4-4402-8CC0-513EAD76706F}.Release|Any CPU.Build.0 = Release|Any CPU
		{30CC895B-BFC4-4402-8CC0-513EAD76706F}.Release|x64.ActiveCfg = Release|Any CPU
		{30CC895B-BFC4-4402-8CC0-513EAD76706F}.Release|x64.Build.0 = Release|Any CPU
		{30CC895B-BFC4-4402-8CC0-513EAD76706F}.Release|x86.ActiveCfg = Release|Any CPU
		{30CC895B-BFC4-4402-8CC0-513EAD76706F}.Release|x86.Build.0 = Release|Any CPU
		{547B86A8-43A9-4683-A862-3D8136B3CF3D}.Debug|Any CPU.ActiveCfg = Debug|Any CPU
		{547B86A8-43A9-4683-A862-3D8136B3CF3D}.Debug|Any CPU.Build.0 = Debug|Any CPU
		{547B86A8-43A9-4683-A862-3D8136B3CF3D}.Debug|x64.ActiveCfg = Debug|Any CPU
		{547B86A8-43A9-4683-A862-3D8136B3CF3D}.Debug|x64.Build.0 = Debug|Any CPU
		{547B86A8-43A9-4683-A862-3D8136B3CF3D}.Debug|x86.ActiveCfg = Debug|Any CPU
		{547B86A8-43A9-4683-A862-3D8136B3CF3D}.Debug|x86.Build.0 = Debug|Any CPU
		{547B86A8-43A9-4683-A862-3D8136B3CF3D}.Release|Any CPU.ActiveCfg = Release|Any CPU
		{547B86A8-43A9-4683-A862-3D8136B3CF3D}.Release|Any CPU.Build.0 = Release|Any CPU
		{547B86A8-43A9-4683-A862-3D8136B3CF3D}.Release|x64.ActiveCfg = Release|Any CPU
		{547B86A8-43A9-4683-A862-3D8136B3CF3D}.Release|x64.Build.0 = Release|Any CPU
		{547B86A8-43A9-4683-A862-3D8136B3CF3D}.Release|x86.ActiveCfg = Release|Any CPU
		{547B86A8-43A9-4683-A862-3D8136B3CF3D}.Release|x86.Build.0 = Release|Any CPU
		{FB7F6B89-80BB-4F09-8384-39107B57B754}.Debug|Any CPU.ActiveCfg = Debug|Any CPU
		{FB7F6B89-80BB-4F09-8384-39107B57B754}.Debug|Any CPU.Build.0 = Debug|Any CPU
		{FB7F6B89-80BB-4F09-8384-39107B57B754}.Debug|x64.ActiveCfg = Debug|Any CPU
		{FB7F6B89-80BB-4F09-8384-39107B57B754}.Debug|x64.Build.0 = Debug|Any CPU
		{FB7F6B89-80BB-4F09-8384-39107B57B754}.Debug|x86.ActiveCfg = Debug|Any CPU
		{FB7F6B89-80BB-4F09-8384-39107B57B754}.Debug|x86.Build.0 = Debug|Any CPU
		{FB7F6B89-80BB-4F09-8384-39107B57B754}.Release|Any CPU.ActiveCfg = Release|Any CPU
		{FB7F6B89-80BB-4F09-8384-39107B57B754}.Release|Any CPU.Build.0 = Release|Any CPU
		{FB7F6B89-80BB-4F09-8384-39107B57B754}.Release|x64.ActiveCfg = Release|Any CPU
		{FB7F6B89-80BB-4F09-8384-39107B57B754}.Release|x64.Build.0 = Release|Any CPU
		{FB7F6B89-80BB-4F09-8384-39107B57B754}.Release|x86.ActiveCfg = Release|Any CPU
		{FB7F6B89-80BB-4F09-8384-39107B57B754}.Release|x86.Build.0 = Release|Any CPU
		{7F1C013D-26D9-4917-8359-3D35085CBB8F}.Debug|Any CPU.ActiveCfg = Debug|Any CPU
		{7F1C013D-26D9-4917-8359-3D35085CBB8F}.Debug|Any CPU.Build.0 = Debug|Any CPU
		{7F1C013D-26D9-4917-8359-3D35085CBB8F}.Debug|x64.ActiveCfg = Debug|Any CPU
		{7F1C013D-26D9-4917-8359-3D35085CBB8F}.Debug|x64.Build.0 = Debug|Any CPU
		{7F1C013D-26D9-4917-8359-3D35085CBB8F}.Debug|x86.ActiveCfg = Debug|Any CPU
		{7F1C013D-26D9-4917-8359-3D35085CBB8F}.Debug|x86.Build.0 = Debug|Any CPU
		{7F1C013D-26D9-4917-8359-3D35085CBB8F}.Release|Any CPU.ActiveCfg = Release|Any CPU
		{7F1C013D-26D9-4917-8359-3D35085CBB8F}.Release|Any CPU.Build.0 = Release|Any CPU
		{7F1C013D-26D9-4917-8359-3D35085CBB8F}.Release|x64.ActiveCfg = Release|Any CPU
		{7F1C013D-26D9-4917-8359-3D35085CBB8F}.Release|x64.Build.0 = Release|Any CPU
		{7F1C013D-26D9-4917-8359-3D35085CBB8F}.Release|x86.ActiveCfg = Release|Any CPU
		{7F1C013D-26D9-4917-8359-3D35085CBB8F}.Release|x86.Build.0 = Release|Any CPU
		{35253CE1-C864-4CD3-8249-4D1319748E8F}.Debug|Any CPU.ActiveCfg = Debug|Any CPU
		{35253CE1-C864-4CD3-8249-4D1319748E8F}.Debug|Any CPU.Build.0 = Debug|Any CPU
		{35253CE1-C864-4CD3-8249-4D1319748E8F}.Debug|x64.ActiveCfg = Debug|x64
		{35253CE1-C864-4CD3-8249-4D1319748E8F}.Debug|x64.Build.0 = Debug|x64
		{35253CE1-C864-4CD3-8249-4D1319748E8F}.Debug|x86.ActiveCfg = Debug|x86
		{35253CE1-C864-4CD3-8249-4D1319748E8F}.Debug|x86.Build.0 = Debug|x86
		{35253CE1-C864-4CD3-8249-4D1319748E8F}.Release|Any CPU.ActiveCfg = Release|Any CPU
		{35253CE1-C864-4CD3-8249-4D1319748E8F}.Release|Any CPU.Build.0 = Release|Any CPU
		{35253CE1-C864-4CD3-8249-4D1319748E8F}.Release|x64.ActiveCfg = Release|x64
		{35253CE1-C864-4CD3-8249-4D1319748E8F}.Release|x64.Build.0 = Release|x64
		{35253CE1-C864-4CD3-8249-4D1319748E8F}.Release|x86.ActiveCfg = Release|x86
		{35253CE1-C864-4CD3-8249-4D1319748E8F}.Release|x86.Build.0 = Release|x86
		{8DCE88BD-5355-4AED-B7FA-6844EC4FB9B2}.Debug|Any CPU.ActiveCfg = Debug|Any CPU
		{8DCE88BD-5355-4AED-B7FA-6844EC4FB9B2}.Debug|Any CPU.Build.0 = Debug|Any CPU
		{8DCE88BD-5355-4AED-B7FA-6844EC4FB9B2}.Debug|x64.ActiveCfg = Debug|Any CPU
		{8DCE88BD-5355-4AED-B7FA-6844EC4FB9B2}.Debug|x64.Build.0 = Debug|Any CPU
		{8DCE88BD-5355-4AED-B7FA-6844EC4FB9B2}.Debug|x86.ActiveCfg = Debug|Any CPU
		{8DCE88BD-5355-4AED-B7FA-6844EC4FB9B2}.Debug|x86.Build.0 = Debug|Any CPU
		{8DCE88BD-5355-4AED-B7FA-6844EC4FB9B2}.Release|Any CPU.ActiveCfg = Release|Any CPU
		{8DCE88BD-5355-4AED-B7FA-6844EC4FB9B2}.Release|Any CPU.Build.0 = Release|Any CPU
		{8DCE88BD-5355-4AED-B7FA-6844EC4FB9B2}.Release|x64.ActiveCfg = Release|Any CPU
		{8DCE88BD-5355-4AED-B7FA-6844EC4FB9B2}.Release|x64.Build.0 = Release|Any CPU
		{8DCE88BD-5355-4AED-B7FA-6844EC4FB9B2}.Release|x86.ActiveCfg = Release|Any CPU
		{8DCE88BD-5355-4AED-B7FA-6844EC4FB9B2}.Release|x86.Build.0 = Release|Any CPU
		{94264F3D-4DC1-4760-B83F-4D9947D79F09}.Debug|Any CPU.ActiveCfg = Debug|Any CPU
		{94264F3D-4DC1-4760-B83F-4D9947D79F09}.Debug|Any CPU.Build.0 = Debug|Any CPU
		{94264F3D-4DC1-4760-B83F-4D9947D79F09}.Debug|x64.ActiveCfg = Debug|Any CPU
		{94264F3D-4DC1-4760-B83F-4D9947D79F09}.Debug|x64.Build.0 = Debug|Any CPU
		{94264F3D-4DC1-4760-B83F-4D9947D79F09}.Debug|x86.ActiveCfg = Debug|Any CPU
		{94264F3D-4DC1-4760-B83F-4D9947D79F09}.Debug|x86.Build.0 = Debug|Any CPU
		{94264F3D-4DC1-4760-B83F-4D9947D79F09}.Release|Any CPU.ActiveCfg = Release|Any CPU
		{94264F3D-4DC1-4760-B83F-4D9947D79F09}.Release|Any CPU.Build.0 = Release|Any CPU
		{94264F3D-4DC1-4760-B83F-4D9947D79F09}.Release|x64.ActiveCfg = Release|Any CPU
		{94264F3D-4DC1-4760-B83F-4D9947D79F09}.Release|x64.Build.0 = Release|Any CPU
		{94264F3D-4DC1-4760-B83F-4D9947D79F09}.Release|x86.ActiveCfg = Release|Any CPU
		{94264F3D-4DC1-4760-B83F-4D9947D79F09}.Release|x86.Build.0 = Release|Any CPU
		{317F7C93-22EC-4C95-AEC6-918E2E93A11B}.Debug|Any CPU.ActiveCfg = Debug|Any CPU
		{317F7C93-22EC-4C95-AEC6-918E2E93A11B}.Debug|Any CPU.Build.0 = Debug|Any CPU
		{317F7C93-22EC-4C95-AEC6-918E2E93A11B}.Debug|x64.ActiveCfg = Debug|Any CPU
		{317F7C93-22EC-4C95-AEC6-918E2E93A11B}.Debug|x64.Build.0 = Debug|Any CPU
		{317F7C93-22EC-4C95-AEC6-918E2E93A11B}.Debug|x86.ActiveCfg = Debug|Any CPU
		{317F7C93-22EC-4C95-AEC6-918E2E93A11B}.Debug|x86.Build.0 = Debug|Any CPU
		{317F7C93-22EC-4C95-AEC6-918E2E93A11B}.Release|Any CPU.ActiveCfg = Release|Any CPU
		{317F7C93-22EC-4C95-AEC6-918E2E93A11B}.Release|Any CPU.Build.0 = Release|Any CPU
		{317F7C93-22EC-4C95-AEC6-918E2E93A11B}.Release|x64.ActiveCfg = Release|Any CPU
		{317F7C93-22EC-4C95-AEC6-918E2E93A11B}.Release|x64.Build.0 = Release|Any CPU
		{317F7C93-22EC-4C95-AEC6-918E2E93A11B}.Release|x86.ActiveCfg = Release|Any CPU
		{317F7C93-22EC-4C95-AEC6-918E2E93A11B}.Release|x86.Build.0 = Release|Any CPU
		{DDD156CD-AE0D-4581-B895-4FE8FB58A88C}.Debug|Any CPU.ActiveCfg = Debug|Any CPU
		{DDD156CD-AE0D-4581-B895-4FE8FB58A88C}.Debug|Any CPU.Build.0 = Debug|Any CPU
		{DDD156CD-AE0D-4581-B895-4FE8FB58A88C}.Debug|x64.ActiveCfg = Debug|Any CPU
		{DDD156CD-AE0D-4581-B895-4FE8FB58A88C}.Debug|x64.Build.0 = Debug|Any CPU
		{DDD156CD-AE0D-4581-B895-4FE8FB58A88C}.Debug|x86.ActiveCfg = Debug|Any CPU
		{DDD156CD-AE0D-4581-B895-4FE8FB58A88C}.Debug|x86.Build.0 = Debug|Any CPU
		{DDD156CD-AE0D-4581-B895-4FE8FB58A88C}.Release|Any CPU.ActiveCfg = Release|Any CPU
		{DDD156CD-AE0D-4581-B895-4FE8FB58A88C}.Release|Any CPU.Build.0 = Release|Any CPU
		{DDD156CD-AE0D-4581-B895-4FE8FB58A88C}.Release|x64.ActiveCfg = Release|Any CPU
		{DDD156CD-AE0D-4581-B895-4FE8FB58A88C}.Release|x64.Build.0 = Release|Any CPU
		{DDD156CD-AE0D-4581-B895-4FE8FB58A88C}.Release|x86.ActiveCfg = Release|Any CPU
		{DDD156CD-AE0D-4581-B895-4FE8FB58A88C}.Release|x86.Build.0 = Release|Any CPU
		{49BA1C69-6104-41AC-A5D8-B54FA9F696E8}.Debug|Any CPU.ActiveCfg = Debug|Any CPU
		{49BA1C69-6104-41AC-A5D8-B54FA9F696E8}.Debug|Any CPU.Build.0 = Debug|Any CPU
		{49BA1C69-6104-41AC-A5D8-B54FA9F696E8}.Debug|x64.ActiveCfg = Debug|Any CPU
		{49BA1C69-6104-41AC-A5D8-B54FA9F696E8}.Debug|x64.Build.0 = Debug|Any CPU
		{49BA1C69-6104-41AC-A5D8-B54FA9F696E8}.Debug|x86.ActiveCfg = Debug|Any CPU
		{49BA1C69-6104-41AC-A5D8-B54FA9F696E8}.Debug|x86.Build.0 = Debug|Any CPU
		{49BA1C69-6104-41AC-A5D8-B54FA9F696E8}.Release|Any CPU.ActiveCfg = Release|Any CPU
		{49BA1C69-6104-41AC-A5D8-B54FA9F696E8}.Release|Any CPU.Build.0 = Release|Any CPU
		{49BA1C69-6104-41AC-A5D8-B54FA9F696E8}.Release|x64.ActiveCfg = Release|Any CPU
		{49BA1C69-6104-41AC-A5D8-B54FA9F696E8}.Release|x64.Build.0 = Release|Any CPU
		{49BA1C69-6104-41AC-A5D8-B54FA9F696E8}.Release|x86.ActiveCfg = Release|Any CPU
		{49BA1C69-6104-41AC-A5D8-B54FA9F696E8}.Release|x86.Build.0 = Release|Any CPU
		{B26B3C18-676F-4E87-A1F2-2B49DB59BDFD}.Debug|Any CPU.ActiveCfg = Debug|Any CPU
		{B26B3C18-676F-4E87-A1F2-2B49DB59BDFD}.Debug|Any CPU.Build.0 = Debug|Any CPU
		{B26B3C18-676F-4E87-A1F2-2B49DB59BDFD}.Debug|x64.ActiveCfg = Debug|Any CPU
		{B26B3C18-676F-4E87-A1F2-2B49DB59BDFD}.Debug|x64.Build.0 = Debug|Any CPU
		{B26B3C18-676F-4E87-A1F2-2B49DB59BDFD}.Debug|x86.ActiveCfg = Debug|Any CPU
		{B26B3C18-676F-4E87-A1F2-2B49DB59BDFD}.Debug|x86.Build.0 = Debug|Any CPU
		{B26B3C18-676F-4E87-A1F2-2B49DB59BDFD}.Release|Any CPU.ActiveCfg = Release|Any CPU
		{B26B3C18-676F-4E87-A1F2-2B49DB59BDFD}.Release|Any CPU.Build.0 = Release|Any CPU
		{B26B3C18-676F-4E87-A1F2-2B49DB59BDFD}.Release|x64.ActiveCfg = Release|Any CPU
		{B26B3C18-676F-4E87-A1F2-2B49DB59BDFD}.Release|x64.Build.0 = Release|Any CPU
		{B26B3C18-676F-4E87-A1F2-2B49DB59BDFD}.Release|x86.ActiveCfg = Release|Any CPU
		{B26B3C18-676F-4E87-A1F2-2B49DB59BDFD}.Release|x86.Build.0 = Release|Any CPU
		{154F8F3B-7315-43A9-B177-EF1E1D715CA5}.Debug|Any CPU.ActiveCfg = Debug|Any CPU
		{154F8F3B-7315-43A9-B177-EF1E1D715CA5}.Debug|Any CPU.Build.0 = Debug|Any CPU
		{154F8F3B-7315-43A9-B177-EF1E1D715CA5}.Debug|x64.ActiveCfg = Debug|Any CPU
		{154F8F3B-7315-43A9-B177-EF1E1D715CA5}.Debug|x64.Build.0 = Debug|Any CPU
		{154F8F3B-7315-43A9-B177-EF1E1D715CA5}.Debug|x86.ActiveCfg = Debug|Any CPU
		{154F8F3B-7315-43A9-B177-EF1E1D715CA5}.Debug|x86.Build.0 = Debug|Any CPU
		{154F8F3B-7315-43A9-B177-EF1E1D715CA5}.Release|Any CPU.ActiveCfg = Release|Any CPU
		{154F8F3B-7315-43A9-B177-EF1E1D715CA5}.Release|Any CPU.Build.0 = Release|Any CPU
		{154F8F3B-7315-43A9-B177-EF1E1D715CA5}.Release|x64.ActiveCfg = Release|Any CPU
		{154F8F3B-7315-43A9-B177-EF1E1D715CA5}.Release|x64.Build.0 = Release|Any CPU
		{154F8F3B-7315-43A9-B177-EF1E1D715CA5}.Release|x86.ActiveCfg = Release|Any CPU
		{154F8F3B-7315-43A9-B177-EF1E1D715CA5}.Release|x86.Build.0 = Release|Any CPU
		{ADDD72D6-C8F5-4D04-B102-5B7CD16B0EBA}.Debug|Any CPU.ActiveCfg = Debug|Any CPU
		{ADDD72D6-C8F5-4D04-B102-5B7CD16B0EBA}.Debug|Any CPU.Build.0 = Debug|Any CPU
		{ADDD72D6-C8F5-4D04-B102-5B7CD16B0EBA}.Debug|x64.ActiveCfg = Debug|Any CPU
		{ADDD72D6-C8F5-4D04-B102-5B7CD16B0EBA}.Debug|x64.Build.0 = Debug|Any CPU
		{ADDD72D6-C8F5-4D04-B102-5B7CD16B0EBA}.Debug|x86.ActiveCfg = Debug|Any CPU
		{ADDD72D6-C8F5-4D04-B102-5B7CD16B0EBA}.Debug|x86.Build.0 = Debug|Any CPU
		{ADDD72D6-C8F5-4D04-B102-5B7CD16B0EBA}.Release|Any CPU.ActiveCfg = Release|Any CPU
		{ADDD72D6-C8F5-4D04-B102-5B7CD16B0EBA}.Release|Any CPU.Build.0 = Release|Any CPU
		{ADDD72D6-C8F5-4D04-B102-5B7CD16B0EBA}.Release|x64.ActiveCfg = Release|Any CPU
		{ADDD72D6-C8F5-4D04-B102-5B7CD16B0EBA}.Release|x64.Build.0 = Release|Any CPU
		{ADDD72D6-C8F5-4D04-B102-5B7CD16B0EBA}.Release|x86.ActiveCfg = Release|Any CPU
		{ADDD72D6-C8F5-4D04-B102-5B7CD16B0EBA}.Release|x86.Build.0 = Release|Any CPU
		{14E86065-BF4F-49EC-863E-0BF798FA49F3}.Debug|Any CPU.ActiveCfg = Debug|Any CPU
		{14E86065-BF4F-49EC-863E-0BF798FA49F3}.Debug|Any CPU.Build.0 = Debug|Any CPU
		{14E86065-BF4F-49EC-863E-0BF798FA49F3}.Debug|x64.ActiveCfg = Debug|Any CPU
		{14E86065-BF4F-49EC-863E-0BF798FA49F3}.Debug|x64.Build.0 = Debug|Any CPU
		{14E86065-BF4F-49EC-863E-0BF798FA49F3}.Debug|x86.ActiveCfg = Debug|Any CPU
		{14E86065-BF4F-49EC-863E-0BF798FA49F3}.Debug|x86.Build.0 = Debug|Any CPU
		{14E86065-BF4F-49EC-863E-0BF798FA49F3}.Release|Any CPU.ActiveCfg = Release|Any CPU
		{14E86065-BF4F-49EC-863E-0BF798FA49F3}.Release|Any CPU.Build.0 = Release|Any CPU
		{14E86065-BF4F-49EC-863E-0BF798FA49F3}.Release|x64.ActiveCfg = Release|Any CPU
		{14E86065-BF4F-49EC-863E-0BF798FA49F3}.Release|x64.Build.0 = Release|Any CPU
		{14E86065-BF4F-49EC-863E-0BF798FA49F3}.Release|x86.ActiveCfg = Release|Any CPU
		{14E86065-BF4F-49EC-863E-0BF798FA49F3}.Release|x86.Build.0 = Release|Any CPU
		{BCBFB0C8-6853-4FBD-A9FF-3A115F63A24E}.Debug|Any CPU.ActiveCfg = Debug|Any CPU
		{BCBFB0C8-6853-4FBD-A9FF-3A115F63A24E}.Debug|Any CPU.Build.0 = Debug|Any CPU
		{BCBFB0C8-6853-4FBD-A9FF-3A115F63A24E}.Debug|x64.ActiveCfg = Debug|Any CPU
		{BCBFB0C8-6853-4FBD-A9FF-3A115F63A24E}.Debug|x64.Build.0 = Debug|Any CPU
		{BCBFB0C8-6853-4FBD-A9FF-3A115F63A24E}.Debug|x86.ActiveCfg = Debug|Any CPU
		{BCBFB0C8-6853-4FBD-A9FF-3A115F63A24E}.Debug|x86.Build.0 = Debug|Any CPU
		{BCBFB0C8-6853-4FBD-A9FF-3A115F63A24E}.Release|Any CPU.ActiveCfg = Release|Any CPU
		{BCBFB0C8-6853-4FBD-A9FF-3A115F63A24E}.Release|Any CPU.Build.0 = Release|Any CPU
		{BCBFB0C8-6853-4FBD-A9FF-3A115F63A24E}.Release|x64.ActiveCfg = Release|Any CPU
		{BCBFB0C8-6853-4FBD-A9FF-3A115F63A24E}.Release|x64.Build.0 = Release|Any CPU
		{BCBFB0C8-6853-4FBD-A9FF-3A115F63A24E}.Release|x86.ActiveCfg = Release|Any CPU
		{BCBFB0C8-6853-4FBD-A9FF-3A115F63A24E}.Release|x86.Build.0 = Release|Any CPU
		{79C18A0E-46AB-4296-B968-DC7B67D30B62}.Debug|Any CPU.ActiveCfg = Debug|Any CPU
		{79C18A0E-46AB-4296-B968-DC7B67D30B62}.Debug|Any CPU.Build.0 = Debug|Any CPU
		{79C18A0E-46AB-4296-B968-DC7B67D30B62}.Debug|x64.ActiveCfg = Debug|Any CPU
		{79C18A0E-46AB-4296-B968-DC7B67D30B62}.Debug|x64.Build.0 = Debug|Any CPU
		{79C18A0E-46AB-4296-B968-DC7B67D30B62}.Debug|x86.ActiveCfg = Debug|Any CPU
		{79C18A0E-46AB-4296-B968-DC7B67D30B62}.Debug|x86.Build.0 = Debug|Any CPU
		{79C18A0E-46AB-4296-B968-DC7B67D30B62}.Release|Any CPU.ActiveCfg = Release|Any CPU
		{79C18A0E-46AB-4296-B968-DC7B67D30B62}.Release|Any CPU.Build.0 = Release|Any CPU
		{79C18A0E-46AB-4296-B968-DC7B67D30B62}.Release|x64.ActiveCfg = Release|Any CPU
		{79C18A0E-46AB-4296-B968-DC7B67D30B62}.Release|x64.Build.0 = Release|Any CPU
		{79C18A0E-46AB-4296-B968-DC7B67D30B62}.Release|x86.ActiveCfg = Release|Any CPU
		{79C18A0E-46AB-4296-B968-DC7B67D30B62}.Release|x86.Build.0 = Release|Any CPU
		{2B34D0A2-A49F-4EAE-8904-CCA0D8E2C87A}.Debug|Any CPU.ActiveCfg = Debug|Any CPU
		{2B34D0A2-A49F-4EAE-8904-CCA0D8E2C87A}.Debug|Any CPU.Build.0 = Debug|Any CPU
		{2B34D0A2-A49F-4EAE-8904-CCA0D8E2C87A}.Debug|x64.ActiveCfg = Debug|Any CPU
		{2B34D0A2-A49F-4EAE-8904-CCA0D8E2C87A}.Debug|x64.Build.0 = Debug|Any CPU
		{2B34D0A2-A49F-4EAE-8904-CCA0D8E2C87A}.Debug|x86.ActiveCfg = Debug|Any CPU
		{2B34D0A2-A49F-4EAE-8904-CCA0D8E2C87A}.Debug|x86.Build.0 = Debug|Any CPU
		{2B34D0A2-A49F-4EAE-8904-CCA0D8E2C87A}.Release|Any CPU.ActiveCfg = Release|Any CPU
		{2B34D0A2-A49F-4EAE-8904-CCA0D8E2C87A}.Release|Any CPU.Build.0 = Release|Any CPU
		{2B34D0A2-A49F-4EAE-8904-CCA0D8E2C87A}.Release|x64.ActiveCfg = Release|Any CPU
		{2B34D0A2-A49F-4EAE-8904-CCA0D8E2C87A}.Release|x64.Build.0 = Release|Any CPU
		{2B34D0A2-A49F-4EAE-8904-CCA0D8E2C87A}.Release|x86.ActiveCfg = Release|Any CPU
		{2B34D0A2-A49F-4EAE-8904-CCA0D8E2C87A}.Release|x86.Build.0 = Release|Any CPU
	EndGlobalSection
	GlobalSection(SolutionProperties) = preSolution
		HideSolutionNode = FALSE
	EndGlobalSection
	GlobalSection(NestedProjects) = preSolution
		{547B86A8-43A9-4683-A862-3D8136B3CF3D} = {E92B3767-CB45-492C-B7E8-85D335C6F831}
		{FB7F6B89-80BB-4F09-8384-39107B57B754} = {E92B3767-CB45-492C-B7E8-85D335C6F831}
		{7F1C013D-26D9-4917-8359-3D35085CBB8F} = {941FFE4D-B78C-4667-A833-C1DE39E17CFF}
		{35253CE1-C864-4CD3-8249-4D1319748E8F} = {E92B3767-CB45-492C-B7E8-85D335C6F831}
		{8DCE88BD-5355-4AED-B7FA-6844EC4FB9B2} = {E92B3767-CB45-492C-B7E8-85D335C6F831}
		{D1F55F35-394C-4220-91E1-204EECB13D2E} = {941FFE4D-B78C-4667-A833-C1DE39E17CFF}
		{94264F3D-4DC1-4760-B83F-4D9947D79F09} = {D1F55F35-394C-4220-91E1-204EECB13D2E}
		{317F7C93-22EC-4C95-AEC6-918E2E93A11B} = {E92B3767-CB45-492C-B7E8-85D335C6F831}
		{DDD156CD-AE0D-4581-B895-4FE8FB58A88C} = {E92B3767-CB45-492C-B7E8-85D335C6F831}
		{49BA1C69-6104-41AC-A5D8-B54FA9F696E8} = {E92B3767-CB45-492C-B7E8-85D335C6F831}
		{2B34D0A2-A49F-4EAE-8904-CCA0D8E2C87A} = {E92B3767-CB45-492C-B7E8-85D335C6F831}
	EndGlobalSection
	GlobalSection(ExtensibilityGlobals) = postSolution
		SolutionGuid = {3252F77E-C262-49E9-808E-126979C400B4}
	EndGlobalSection
EndGlobal
