
Microsoft Visual Studio Solution File, Format Version 12.00
# Visual Studio 15
VisualStudioVersion = 15.0.28010.0
MinimumVisualStudioVersion = 10.0.40219.1
Project("{FAE04EC0-301F-11D3-BF4B-00C04F79EFBC}") = "LunarLambda.Windows.Speech", "LunarLambda.Windows.Speech.csproj", "{15FFBB6A-909E-40ED-B00A-C8B09E052288}"
EndProject
Global
	GlobalSection(SolutionConfigurationPlatforms) = preSolution
		Debug|Any CPU = Debug|Any CPU
		Release|Any CPU = Release|Any CPU
	EndGlobalSection
	GlobalSection(ProjectConfigurationPlatforms) = postSolution
		{15FFBB6A-909E-40ED-B00A-C8B09E052288}.Debug|Any CPU.ActiveCfg = Debug|Any CPU
		{15FFBB6A-909E-40ED-B00A-C8B09E052288}.Debug|Any CPU.Build.0 = Debug|Any CPU
		{15FFBB6A-909E-40ED-B00A-C8B09E052288}.Release|Any CPU.ActiveCfg = Release|Any CPU
		{15FFBB6A-909E-40ED-B00A-C8B09E052288}.Release|Any CPU.Build.0 = Release|Any CPU
	EndGlobalSection
	GlobalSection(SolutionProperties) = preSolution
		HideSolutionNode = FALSE
	EndGlobalSection
	GlobalSection(ExtensibilityGlobals) = postSolution
		SolutionGuid = {5947A241-6413-48EF-9A21-0DB73BC1F32D}
	EndGlobalSection
EndGlobal
