
Microsoft Visual Studio Solution File, Format Version 12.00
# Visual Studio 15
VisualStudioVersion = 15.0.28010.2016
MinimumVisualStudioVersion = 10.0.40219.1
Project("{FAE04EC0-301F-11D3-BF4B-00C04F79EFBC}") = "EELuaEval", "EELuaEval.csproj", "{2A5CEEAF-2214-470D-9080-07B9DB2317AD}"
EndProject
Global
	GlobalSection(SolutionConfigurationPlatforms) = preSolution
		Debug|Any CPU = Debug|Any CPU
		Release|Any CPU = Release|Any CPU
	EndGlobalSection
	GlobalSection(ProjectConfigurationPlatforms) = postSolution
		{2A5CEEAF-2214-470D-9080-07B9DB2317AD}.Debug|Any CPU.ActiveCfg = Debug|Any CPU
		{2A5CEEAF-2214-470D-9080-07B9DB2317AD}.Debug|Any CPU.Build.0 = Debug|Any CPU
		{2A5CEEAF-2214-470D-9080-07B9DB2317AD}.Release|Any CPU.ActiveCfg = Release|Any CPU
		{2A5CEEAF-2214-470D-9080-07B9DB2317AD}.Release|Any CPU.Build.0 = Release|Any CPU
	EndGlobalSection
	GlobalSection(SolutionProperties) = preSolution
		HideSolutionNode = FALSE
	EndGlobalSection
	GlobalSection(ExtensibilityGlobals) = postSolution
		SolutionGuid = {E8537BA1-B091-42DE-AF41-7E4089703DAA}
	EndGlobalSection
EndGlobal
